
Microsoft Visual Studio Solution File, Format Version 12.00
# Visual Studio 15
VisualStudioVersion = 15.0.28307.1927
MinimumVisualStudioVersion = 10.0.40219.1
Project("{FAE04EC0-301F-11D3-BF4B-00C04F79EFBC}") = "Bai2", "Bai2\Bai2.csproj", "{6034CE57-6BE6-438E-8564-732AE70CE855}"
EndProject
Global
	GlobalSection(SolutionConfigurationPlatforms) = preSolution
		Debug|Any CPU = Debug|Any CPU
		Release|Any CPU = Release|Any CPU
	EndGlobalSection
	GlobalSection(ProjectConfigurationPlatforms) = postSolution
		{6034CE57-6BE6-438E-8564-732AE70CE855}.Debug|Any CPU.ActiveCfg = Debug|Any CPU
		{6034CE57-6BE6-438E-8564-732AE70CE855}.Debug|Any CPU.Build.0 = Debug|Any CPU
		{6034CE57-6BE6-438E-8564-732AE70CE855}.Release|Any CPU.ActiveCfg = Release|Any CPU
		{6034CE57-6BE6-438E-8564-732AE70CE855}.Release|Any CPU.Build.0 = Release|Any CPU
	EndGlobalSection
	GlobalSection(SolutionProperties) = preSolution
		HideSolutionNode = FALSE
	EndGlobalSection
	GlobalSection(ExtensibilityGlobals) = postSolution
		SolutionGuid = {BDEF7296-C8FE-40C8-85E5-F42A8F032330}
	EndGlobalSection
EndGlobal
